
Microsoft Visual Studio Solution File, Format Version 12.00
# Visual Studio Version 17
VisualStudioVersion = 17.0.31919.166
MinimumVisualStudioVersion = 10.0.40219.1
Project("{FAE04EC0-301F-11D3-BF4B-00C04F79EFBC}") = "Oef1", "Oef1\Oef1.csproj", "{144A825F-E068-41FC-875A-89ABB8B0F84A}"
EndProject
Project("{FAE04EC0-301F-11D3-BF4B-00C04F79EFBC}") = "Oef2", "Oef2\Oef2.csproj", "{BF772615-24F2-4D78-8DB8-9B0788C35F4A}"
EndProject
Project("{FAE04EC0-301F-11D3-BF4B-00C04F79EFBC}") = "Oef3", "Oef3\Oef3.csproj", "{514F8D54-47AA-4ADB-90D9-992575AA7183}"
EndProject
Project("{FAE04EC0-301F-11D3-BF4B-00C04F79EFBC}") = "Oef4", "Oef4\Oef4.csproj", "{1BB2DE57-92DE-4E54-B0B5-875D59013CB9}"
EndProject
Project("{FAE04EC0-301F-11D3-BF4B-00C04F79EFBC}") = "Oef5", "Oef5\Oef5.csproj", "{D23DA964-1066-4D14-953A-5636C8E34371}"
EndProject
Project("{FAE04EC0-301F-11D3-BF4B-00C04F79EFBC}") = "Oef6", "Oef6\Oef6.csproj", "{B21CD9CB-2E53-4663-9982-9DC303BB20AC}"
EndProject
Project("{FAE04EC0-301F-11D3-BF4B-00C04F79EFBC}") = "Oef7", "Oef7\Oef7.csproj", "{C2699EF1-9105-4713-92A0-2C720064157B}"
EndProject
Project("{FAE04EC0-301F-11D3-BF4B-00C04F79EFBC}") = "Oef8", "Oef8\Oef8.csproj", "{8FA62967-0CA3-4F4D-8F29-5303D3A4D0DE}"
EndProject
Project("{FAE04EC0-301F-11D3-BF4B-00C04F79EFBC}") = "Oef9", "Oef9\Oef9.csproj", "{47CBD75F-5BBB-4E8A-A5A8-558803219E37}"
EndProject
Project("{FAE04EC0-301F-11D3-BF4B-00C04F79EFBC}") = "Oef10", "Oef10\Oef10.csproj", "{01136BD9-C4BB-4202-BE04-DF8D4549F3A7}"
EndProject
Project("{FAE04EC0-301F-11D3-BF4B-00C04F79EFBC}") = "Oef11", "Oef11\Oef11.csproj", "{6C46A438-1B64-444F-8E4E-9B100C901502}"
EndProject
Project("{FAE04EC0-301F-11D3-BF4B-00C04F79EFBC}") = "Oef12", "Oef12\Oef12.csproj", "{4680A8EB-A813-4ED4-B3DA-9C7A9FF0872C}"
EndProject
Global
	GlobalSection(SolutionConfigurationPlatforms) = preSolution
		Debug|Any CPU = Debug|Any CPU
		Release|Any CPU = Release|Any CPU
	EndGlobalSection
	GlobalSection(ProjectConfigurationPlatforms) = postSolution
		{144A825F-E068-41FC-875A-89ABB8B0F84A}.Debug|Any CPU.ActiveCfg = Debug|Any CPU
		{144A825F-E068-41FC-875A-89ABB8B0F84A}.Debug|Any CPU.Build.0 = Debug|Any CPU
		{144A825F-E068-41FC-875A-89ABB8B0F84A}.Release|Any CPU.ActiveCfg = Release|Any CPU
		{144A825F-E068-41FC-875A-89ABB8B0F84A}.Release|Any CPU.Build.0 = Release|Any CPU
		{BF772615-24F2-4D78-8DB8-9B0788C35F4A}.Debug|Any CPU.ActiveCfg = Debug|Any CPU
		{BF772615-24F2-4D78-8DB8-9B0788C35F4A}.Debug|Any CPU.Build.0 = Debug|Any CPU
		{BF772615-24F2-4D78-8DB8-9B0788C35F4A}.Release|Any CPU.ActiveCfg = Release|Any CPU
		{BF772615-24F2-4D78-8DB8-9B0788C35F4A}.Release|Any CPU.Build.0 = Release|Any CPU
		{514F8D54-47AA-4ADB-90D9-992575AA7183}.Debug|Any CPU.ActiveCfg = Debug|Any CPU
		{514F8D54-47AA-4ADB-90D9-992575AA7183}.Debug|Any CPU.Build.0 = Debug|Any CPU
		{514F8D54-47AA-4ADB-90D9-992575AA7183}.Release|Any CPU.ActiveCfg = Release|Any CPU
		{514F8D54-47AA-4ADB-90D9-992575AA7183}.Release|Any CPU.Build.0 = Release|Any CPU
		{1BB2DE57-92DE-4E54-B0B5-875D59013CB9}.Debug|Any CPU.ActiveCfg = Debug|Any CPU
		{1BB2DE57-92DE-4E54-B0B5-875D59013CB9}.Debug|Any CPU.Build.0 = Debug|Any CPU
		{1BB2DE57-92DE-4E54-B0B5-875D59013CB9}.Release|Any CPU.ActiveCfg = Release|Any CPU
		{1BB2DE57-92DE-4E54-B0B5-875D59013CB9}.Release|Any CPU.Build.0 = Release|Any CPU
		{D23DA964-1066-4D14-953A-5636C8E34371}.Debug|Any CPU.ActiveCfg = Debug|Any CPU
		{D23DA964-1066-4D14-953A-5636C8E34371}.Debug|Any CPU.Build.0 = Debug|Any CPU
		{D23DA964-1066-4D14-953A-5636C8E34371}.Release|Any CPU.ActiveCfg = Release|Any CPU
		{D23DA964-1066-4D14-953A-5636C8E34371}.Release|Any CPU.Build.0 = Release|Any CPU
		{B21CD9CB-2E53-4663-9982-9DC303BB20AC}.Debug|Any CPU.ActiveCfg = Debug|Any CPU
		{B21CD9CB-2E53-4663-9982-9DC303BB20AC}.Debug|Any CPU.Build.0 = Debug|Any CPU
		{B21CD9CB-2E53-4663-9982-9DC303BB20AC}.Release|Any CPU.ActiveCfg = Release|Any CPU
		{B21CD9CB-2E53-4663-9982-9DC303BB20AC}.Release|Any CPU.Build.0 = Release|Any CPU
		{C2699EF1-9105-4713-92A0-2C720064157B}.Debug|Any CPU.ActiveCfg = Debug|Any CPU
		{C2699EF1-9105-4713-92A0-2C720064157B}.Debug|Any CPU.Build.0 = Debug|Any CPU
		{C2699EF1-9105-4713-92A0-2C720064157B}.Release|Any CPU.ActiveCfg = Release|Any CPU
		{C2699EF1-9105-4713-92A0-2C720064157B}.Release|Any CPU.Build.0 = Release|Any CPU
		{8FA62967-0CA3-4F4D-8F29-5303D3A4D0DE}.Debug|Any CPU.ActiveCfg = Debug|Any CPU
		{8FA62967-0CA3-4F4D-8F29-5303D3A4D0DE}.Debug|Any CPU.Build.0 = Debug|Any CPU
		{8FA62967-0CA3-4F4D-8F29-5303D3A4D0DE}.Release|Any CPU.ActiveCfg = Release|Any CPU
		{8FA62967-0CA3-4F4D-8F29-5303D3A4D0DE}.Release|Any CPU.Build.0 = Release|Any CPU
		{47CBD75F-5BBB-4E8A-A5A8-558803219E37}.Debug|Any CPU.ActiveCfg = Debug|Any CPU
		{47CBD75F-5BBB-4E8A-A5A8-558803219E37}.Debug|Any CPU.Build.0 = Debug|Any CPU
		{47CBD75F-5BBB-4E8A-A5A8-558803219E37}.Release|Any CPU.ActiveCfg = Release|Any CPU
		{47CBD75F-5BBB-4E8A-A5A8-558803219E37}.Release|Any CPU.Build.0 = Release|Any CPU
		{01136BD9-C4BB-4202-BE04-DF8D4549F3A7}.Debug|Any CPU.ActiveCfg = Debug|Any CPU
		{01136BD9-C4BB-4202-BE04-DF8D4549F3A7}.Debug|Any CPU.Build.0 = Debug|Any CPU
		{01136BD9-C4BB-4202-BE04-DF8D4549F3A7}.Release|Any CPU.ActiveCfg = Release|Any CPU
		{01136BD9-C4BB-4202-BE04-DF8D4549F3A7}.Release|Any CPU.Build.0 = Release|Any CPU
		{6C46A438-1B64-444F-8E4E-9B100C901502}.Debug|Any CPU.ActiveCfg = Debug|Any CPU
		{6C46A438-1B64-444F-8E4E-9B100C901502}.Debug|Any CPU.Build.0 = Debug|Any CPU
		{6C46A438-1B64-444F-8E4E-9B100C901502}.Release|Any CPU.ActiveCfg = Release|Any CPU
		{6C46A438-1B64-444F-8E4E-9B100C901502}.Release|Any CPU.Build.0 = Release|Any CPU
		{4680A8EB-A813-4ED4-B3DA-9C7A9FF0872C}.Debug|Any CPU.ActiveCfg = Debug|Any CPU
		{4680A8EB-A813-4ED4-B3DA-9C7A9FF0872C}.Debug|Any CPU.Build.0 = Debug|Any CPU
		{4680A8EB-A813-4ED4-B3DA-9C7A9FF0872C}.Release|Any CPU.ActiveCfg = Release|Any CPU
		{4680A8EB-A813-4ED4-B3DA-9C7A9FF0872C}.Release|Any CPU.Build.0 = Release|Any CPU
	EndGlobalSection
	GlobalSection(SolutionProperties) = preSolution
		HideSolutionNode = FALSE
	EndGlobalSection
	GlobalSection(ExtensibilityGlobals) = postSolution
		SolutionGuid = {493D0073-006E-4683-A777-C4CF6847E282}
	EndGlobalSection
EndGlobal
